
Microsoft Visual Studio Solution File, Format Version 12.00
# Visual Studio Version 17
VisualStudioVersion = 17.1.32210.238
MinimumVisualStudioVersion = 10.0.40219.1
Project("{FAE04EC0-301F-11D3-BF4B-00C04F79EFBC}") = "prac3", "prac3\prac3.csproj", "{A7F9DCD5-2182-4FBC-9588-CB1906F2C74A}"
EndProject
Global
	GlobalSection(SolutionConfigurationPlatforms) = preSolution
		Debug|Any CPU = Debug|Any CPU
		Release|Any CPU = Release|Any CPU
	EndGlobalSection
	GlobalSection(ProjectConfigurationPlatforms) = postSolution
		{A7F9DCD5-2182-4FBC-9588-CB1906F2C74A}.Debug|Any CPU.ActiveCfg = Debug|Any CPU
		{A7F9DCD5-2182-4FBC-9588-CB1906F2C74A}.Debug|Any CPU.Build.0 = Debug|Any CPU
		{A7F9DCD5-2182-4FBC-9588-CB1906F2C74A}.Release|Any CPU.ActiveCfg = Release|Any CPU
		{A7F9DCD5-2182-4FBC-9588-CB1906F2C74A}.Release|Any CPU.Build.0 = Release|Any CPU
	EndGlobalSection
	GlobalSection(SolutionProperties) = preSolution
		HideSolutionNode = FALSE
	EndGlobalSection
	GlobalSection(ExtensibilityGlobals) = postSolution
		SolutionGuid = {38F3BFF6-483B-4052-A0D7-DFF433FB90DC}
	EndGlobalSection
EndGlobal
